
Microsoft Visual Studio Solution File, Format Version 12.00
# Visual Studio 15
VisualStudioVersion = 15.0.27428.2037
MinimumVisualStudioVersion = 10.0.40219.1
Project("{F2A71F9B-5D33-465A-A702-920D77279786}") = "Problem-1_Multiples-of-3-and-5", "Problem-1_Multiples-of-3-and-5\Problem-1_Multiples-of-3-and-5.fsproj", "{9C772F01-7B9B-4FD2-B571-B9D11E7ACD29}"
EndProject
Global
	GlobalSection(SolutionConfigurationPlatforms) = preSolution
		Debug|Any CPU = Debug|Any CPU
		Release|Any CPU = Release|Any CPU
	EndGlobalSection
	GlobalSection(ProjectConfigurationPlatforms) = postSolution
		{9C772F01-7B9B-4FD2-B571-B9D11E7ACD29}.Debug|Any CPU.ActiveCfg = Debug|Any CPU
		{9C772F01-7B9B-4FD2-B571-B9D11E7ACD29}.Debug|Any CPU.Build.0 = Debug|Any CPU
		{9C772F01-7B9B-4FD2-B571-B9D11E7ACD29}.Release|Any CPU.ActiveCfg = Release|Any CPU
		{9C772F01-7B9B-4FD2-B571-B9D11E7ACD29}.Release|Any CPU.Build.0 = Release|Any CPU
	EndGlobalSection
	GlobalSection(SolutionProperties) = preSolution
		HideSolutionNode = FALSE
	EndGlobalSection
	GlobalSection(ExtensibilityGlobals) = postSolution
		SolutionGuid = {245C1017-6EE9-49D7-959C-5EF462430DB7}
	EndGlobalSection
EndGlobal
